
Microsoft Visual Studio Solution File, Format Version 12.00
# Visual Studio Version 16
VisualStudioVersion = 16.0.29519.87
MinimumVisualStudioVersion = 10.0.40219.1
Project("{9A19103F-16F7-4668-BE54-9A1E7A4F7556}") = "DictionaryBuilderConsole", "DictionaryBuilder\DictionaryBuilderConsole.csproj", "{9C7226C2-6310-4CC7-9CC6-039672EC7F34}"
EndProject
Project("{9A19103F-16F7-4668-BE54-9A1E7A4F7556}") = "DictionaryBuilderDll", "DictionaryBuilderDll\DictionaryBuilderDll.csproj", "{0196692E-23D4-4EAE-8FBF-B84EA420E1C7}"
EndProject
Project("{FAE04EC0-301F-11D3-BF4B-00C04F79EFBC}") = "PhoneticTranslator", "PhoneticTranslator\PhoneticTranslator.csproj", "{AD18417F-3CBD-40C4-9B45-29805383BA0C}"
EndProject
Global
	GlobalSection(SolutionConfigurationPlatforms) = preSolution
		Debug|Any CPU = Debug|Any CPU
		Release|Any CPU = Release|Any CPU
	EndGlobalSection
	GlobalSection(ProjectConfigurationPlatforms) = postSolution
		{9C7226C2-6310-4CC7-9CC6-039672EC7F34}.Debug|Any CPU.ActiveCfg = Debug|Any CPU
		{9C7226C2-6310-4CC7-9CC6-039672EC7F34}.Debug|Any CPU.Build.0 = Debug|Any CPU
		{9C7226C2-6310-4CC7-9CC6-039672EC7F34}.Release|Any CPU.ActiveCfg = Release|Any CPU
		{9C7226C2-6310-4CC7-9CC6-039672EC7F34}.Release|Any CPU.Build.0 = Release|Any CPU
		{0196692E-23D4-4EAE-8FBF-B84EA420E1C7}.Debug|Any CPU.ActiveCfg = Debug|Any CPU
		{0196692E-23D4-4EAE-8FBF-B84EA420E1C7}.Debug|Any CPU.Build.0 = Debug|Any CPU
		{0196692E-23D4-4EAE-8FBF-B84EA420E1C7}.Release|Any CPU.ActiveCfg = Release|Any CPU
		{0196692E-23D4-4EAE-8FBF-B84EA420E1C7}.Release|Any CPU.Build.0 = Release|Any CPU
		{AD18417F-3CBD-40C4-9B45-29805383BA0C}.Debug|Any CPU.ActiveCfg = Debug|Any CPU
		{AD18417F-3CBD-40C4-9B45-29805383BA0C}.Debug|Any CPU.Build.0 = Debug|Any CPU
		{AD18417F-3CBD-40C4-9B45-29805383BA0C}.Release|Any CPU.ActiveCfg = Release|Any CPU
		{AD18417F-3CBD-40C4-9B45-29805383BA0C}.Release|Any CPU.Build.0 = Release|Any CPU
	EndGlobalSection
	GlobalSection(SolutionProperties) = preSolution
		HideSolutionNode = FALSE
	EndGlobalSection
	GlobalSection(ExtensibilityGlobals) = postSolution
		SolutionGuid = {26B09A76-F15C-404E-BF72-0076C8B69268}
	EndGlobalSection
EndGlobal
